
Microsoft Visual Studio Solution File, Format Version 12.00
# Visual Studio Version 17
VisualStudioVersion = 17.9.34728.123
MinimumVisualStudioVersion = 10.0.40219.1
Project("{FAE04EC0-301F-11D3-BF4B-00C04F79EFBC}") = "BVallejoT5", "BVallejoT5.csproj", "{35596827-12D1-4332-BD6C-B092F761E6C3}"
EndProject
Global
	GlobalSection(SolutionConfigurationPlatforms) = preSolution
		Debug|Any CPU = Debug|Any CPU
		Release|Any CPU = Release|Any CPU
	EndGlobalSection
	GlobalSection(ProjectConfigurationPlatforms) = postSolution
		{35596827-12D1-4332-BD6C-B092F761E6C3}.Debug|Any CPU.ActiveCfg = Debug|Any CPU
		{35596827-12D1-4332-BD6C-B092F761E6C3}.Debug|Any CPU.Build.0 = Debug|Any CPU
		{35596827-12D1-4332-BD6C-B092F761E6C3}.Debug|Any CPU.Deploy.0 = Debug|Any CPU
		{35596827-12D1-4332-BD6C-B092F761E6C3}.Release|Any CPU.ActiveCfg = Release|Any CPU
		{35596827-12D1-4332-BD6C-B092F761E6C3}.Release|Any CPU.Build.0 = Release|Any CPU
		{35596827-12D1-4332-BD6C-B092F761E6C3}.Release|Any CPU.Deploy.0 = Release|Any CPU
	EndGlobalSection
	GlobalSection(SolutionProperties) = preSolution
		HideSolutionNode = FALSE
	EndGlobalSection
	GlobalSection(ExtensibilityGlobals) = postSolution
		SolutionGuid = {8C116D8B-C3B4-4665-ADCE-DB3FB4E11A0B}
	EndGlobalSection
EndGlobal
